
Microsoft Visual Studio Solution File, Format Version 12.00
# Visual Studio 15
VisualStudioVersion = 15.0.27428.2015
MinimumVisualStudioVersion = 10.0.40219.1
Project("{FAE04EC0-301F-11D3-BF4B-00C04F79EFBC}") = "Dice and Coin for Card Games", "Dice and Coin for Card Games\Dice and Coin for Card Games.csproj", "{A16A9AC1-2C8E-47D0-BAED-89206EAA7D62}"
EndProject
Global
	GlobalSection(SolutionConfigurationPlatforms) = preSolution
		Debug|Any CPU = Debug|Any CPU
		Release|Any CPU = Release|Any CPU
	EndGlobalSection
	GlobalSection(ProjectConfigurationPlatforms) = postSolution
		{A16A9AC1-2C8E-47D0-BAED-89206EAA7D62}.Debug|Any CPU.ActiveCfg = Debug|Any CPU
		{A16A9AC1-2C8E-47D0-BAED-89206EAA7D62}.Debug|Any CPU.Build.0 = Debug|Any CPU
		{A16A9AC1-2C8E-47D0-BAED-89206EAA7D62}.Debug|Any CPU.Deploy.0 = Debug|Any CPU
		{A16A9AC1-2C8E-47D0-BAED-89206EAA7D62}.Release|Any CPU.ActiveCfg = Release|Any CPU
		{A16A9AC1-2C8E-47D0-BAED-89206EAA7D62}.Release|Any CPU.Build.0 = Release|Any CPU
		{A16A9AC1-2C8E-47D0-BAED-89206EAA7D62}.Release|Any CPU.Deploy.0 = Release|Any CPU
	EndGlobalSection
	GlobalSection(SolutionProperties) = preSolution
		HideSolutionNode = FALSE
	EndGlobalSection
	GlobalSection(ExtensibilityGlobals) = postSolution
		SolutionGuid = {9151B486-4BEE-4CA4-B819-69993361CB95}
	EndGlobalSection
EndGlobal
